
Microsoft Visual Studio Solution File, Format Version 12.00
# Visual Studio Version 17
VisualStudioVersion = 17.9.34622.214
MinimumVisualStudioVersion = 10.0.40219.1
Project("{FAE04EC0-301F-11D3-BF4B-00C04F79EFBC}") = "WarSimulator", "WarSimulator.csproj", "{30E5BD10-FFA2-4F27-923A-1EB59BCC363F}"
EndProject
Global
	GlobalSection(SolutionConfigurationPlatforms) = preSolution
		Debug|Any CPU = Debug|Any CPU
		Release|Any CPU = Release|Any CPU
	EndGlobalSection
	GlobalSection(ProjectConfigurationPlatforms) = postSolution
		{30E5BD10-FFA2-4F27-923A-1EB59BCC363F}.Debug|Any CPU.ActiveCfg = Debug|Any CPU
		{30E5BD10-FFA2-4F27-923A-1EB59BCC363F}.Debug|Any CPU.Build.0 = Debug|Any CPU
		{30E5BD10-FFA2-4F27-923A-1EB59BCC363F}.Release|Any CPU.ActiveCfg = Release|Any CPU
		{30E5BD10-FFA2-4F27-923A-1EB59BCC363F}.Release|Any CPU.Build.0 = Release|Any CPU
	EndGlobalSection
	GlobalSection(SolutionProperties) = preSolution
		HideSolutionNode = FALSE
	EndGlobalSection
	GlobalSection(ExtensibilityGlobals) = postSolution
		SolutionGuid = {419E22D8-24E4-4B8B-854B-4579BE8448D9}
	EndGlobalSection
EndGlobal
